
Microsoft Visual Studio Solution File, Format Version 12.00
# Visual Studio Version 16
VisualStudioVersion = 16.0.34031.81
MinimumVisualStudioVersion = 10.0.40219.1
Project("{2150E333-8FDC-42A3-9474-1A3956D46DE8}") = "Task0", "Task0", "{D6E336F8-89E3-410C-9C03-A2AE1D5B063E}"
EndProject
Project("{FAE04EC0-301F-11D3-BF4B-00C04F79EFBC}") = "Tyuiu.MartysevichAD.Sprint6.Task0.V26.Test", "Tyuiu.MartysevichAD.Sprint6.Task0.V26.Test\Tyuiu.MartysevichAD.Sprint6.Task0.V26.Test.csproj", "{8364284F-88DE-4E9A-AFD0-12DD5801F3D0}"
EndProject
Project("{FAE04EC0-301F-11D3-BF4B-00C04F79EFBC}") = "Tyuiu.MartysevichAD.Sprint6.Task0.V26.Lib", "Tyuiu.MartysevichAD.Sprint6.Task0.V26.Lib\Tyuiu.MartysevichAD.Sprint6.Task0.V26.Lib.csproj", "{8C8567E1-61E8-4442-B61E-32AF51F59630}"
EndProject
Project("{FAE04EC0-301F-11D3-BF4B-00C04F79EFBC}") = "Tyuiu.MartysevichAD.Sprint6.Task0.V26", "Tyuiu.MartysevichAD.Sprint6.Task0.V26\Tyuiu.MartysevichAD.Sprint6.Task0.V26.csproj", "{7DA693CE-D815-4A6F-9210-051D0B6FFD41}"
EndProject
Project("{2150E333-8FDC-42A3-9474-1A3956D46DE8}") = "Task1", "Task1", "{9666F033-4F37-42F9-9B97-AFC2E7A758C7}"
EndProject
Project("{FAE04EC0-301F-11D3-BF4B-00C04F79EFBC}") = "Tyuiu.MartysevichAD.Sprint6.Task1.V14", "Tyuiu.MartysevichAD.Sprint6.Task1.V14\Tyuiu.MartysevichAD.Sprint6.Task1.V14.csproj", "{E763AFA1-9CFF-423D-AD60-1CFC864B3BE8}"
EndProject
Project("{FAE04EC0-301F-11D3-BF4B-00C04F79EFBC}") = "Tyuiu.MartysevichAD.Sprint6.Task1.V14.Lib", "Tyuiu.MartysevichAD.Sprint6.Task1.V14.Lib\Tyuiu.MartysevichAD.Sprint6.Task1.V14.Lib.csproj", "{7C493C89-E84C-4DBE-9485-C223C8B9BF8D}"
EndProject
Project("{FAE04EC0-301F-11D3-BF4B-00C04F79EFBC}") = "Tyuiu.MartysevichAD.Sprint6.Task1.V14.Test", "Tyuiu.MartysevichAD.Sprint6.Task1.V14.Test\Tyuiu.MartysevichAD.Sprint6.Task1.V14.Test.csproj", "{FC66088A-B577-4914-9D08-99048F5A6FC9}"
EndProject
Project("{2150E333-8FDC-42A3-9474-1A3956D46DE8}") = "Task2", "Task2", "{5C5B83FC-5AF9-4AD8-93F3-54D921D28689}"
EndProject
Project("{FAE04EC0-301F-11D3-BF4B-00C04F79EFBC}") = "Tyuiu.MartysevichAD.Sprint6.Task2.V2", "Tyuiu.MartysevichAD.Sprint6.Task2.V2\Tyuiu.MartysevichAD.Sprint6.Task2.V2.csproj", "{F581DB2A-7344-4FFF-A44D-52392ED15DD4}"
EndProject
Project("{FAE04EC0-301F-11D3-BF4B-00C04F79EFBC}") = "Tyuiu.MartysevichAD.Sprint6.Task2.V2.Test", "Tyuiu.MartysevichAD.Sprint6.Task2.V2.Test\Tyuiu.MartysevichAD.Sprint6.Task2.V2.Test.csproj", "{5E67D8DD-5437-4F6A-8EC4-4DBCC417B347}"
EndProject
Project("{FAE04EC0-301F-11D3-BF4B-00C04F79EFBC}") = "Tyuiu.MartysevichAD.Sprint6.Task2.V2.Lib", "Tyuiu.MartysevichAD.Sprint6.Task2.V2.Lib\Tyuiu.MartysevichAD.Sprint6.Task2.V2.Lib.csproj", "{06A461E3-7D88-403E-A483-B6E11E7E4815}"
EndProject
Project("{2150E333-8FDC-42A3-9474-1A3956D46DE8}") = "Task3", "Task3", "{004F4AA7-4D2C-4F93-9653-EB9F51E76FA5}"
EndProject
Project("{FAE04EC0-301F-11D3-BF4B-00C04F79EFBC}") = "Tyuiu.MartysevichAD.Sprint6.Task3.V12", "Tyuiu.MartysevichAD.Sprint6.Task3.V12\Tyuiu.MartysevichAD.Sprint6.Task3.V12.csproj", "{EBE282D5-1EA7-4FAA-AAD5-A799280538ED}"
EndProject
Project("{FAE04EC0-301F-11D3-BF4B-00C04F79EFBC}") = "Tyuiu.MartysevichAD.Sprint6.Task3.V12.Lib", "Tyuiu.MartysevichAD.Sprint6.Task3.V12.Lib\Tyuiu.MartysevichAD.Sprint6.Task3.V12.Lib.csproj", "{2EEA8E64-48F9-4CE1-80F4-9EB4DBFD379C}"
EndProject
Project("{FAE04EC0-301F-11D3-BF4B-00C04F79EFBC}") = "Tyuiu.MartysevichAD.Sprint6.Task3.V12.Test", "Tyuiu.MartysevichAD.Sprint6.Task3.V12.Test\Tyuiu.MartysevichAD.Sprint6.Task3.V12.Test.csproj", "{1E4063D8-90CD-40EA-8AA0-CE67EB4A9150}"
EndProject
Project("{2150E333-8FDC-42A3-9474-1A3956D46DE8}") = "Task4", "Task4", "{EC42188C-C265-4CF9-8143-953E25C38FEE}"
EndProject
Project("{FAE04EC0-301F-11D3-BF4B-00C04F79EFBC}") = "Tyuiu.MartysevichAD.Sprint6.Task4.V1", "Tyuiu.MartysevichAD.Sprint6.Task4.V1\Tyuiu.MartysevichAD.Sprint6.Task4.V1.csproj", "{F496A74F-E712-4974-BE25-9BF020D6FDCB}"
EndProject
Project("{FAE04EC0-301F-11D3-BF4B-00C04F79EFBC}") = "Tyuiu.MartysevichAD.Sprint6.Task4.V1.Lib", "Tyuiu.MartysevichAD.Sprint6.Task4.V1.Lib\Tyuiu.MartysevichAD.Sprint6.Task4.V1.Lib.csproj", "{9E648D4D-51A2-4C63-A59B-6A7DD4ECD04D}"
EndProject
Project("{FAE04EC0-301F-11D3-BF4B-00C04F79EFBC}") = "Tyuiu.MartysevichAD.Sprint6.Task4.V1.Test", "Tyuiu.MartysevichAD.Sprint6.Task4.V1.Test\Tyuiu.MartysevichAD.Sprint6.Task4.V1.Test.csproj", "{A1D54C48-3549-4BD7-98FA-0C0BF9EB0080}"
EndProject
Project("{2150E333-8FDC-42A3-9474-1A3956D46DE8}") = "Task5", "Task5", "{F5AFCA24-E51B-4433-A476-1259428BCF80}"
EndProject
Project("{FAE04EC0-301F-11D3-BF4B-00C04F79EFBC}") = "Tyuiu.MartysevichAD.Sprint6.Task5.V11", "Tyuiu.MartysevichAD.Sprint6.Task5.V11\Tyuiu.MartysevichAD.Sprint6.Task5.V11.csproj", "{E6E2C39F-B655-4E02-AC3B-128F55DF1E79}"
EndProject
Project("{FAE04EC0-301F-11D3-BF4B-00C04F79EFBC}") = "Tyuiu.MartysevichAD.Sprint6.Task5.V11.Test", "Tyuiu.MartysevichAD.Sprint6.Task5.V11.Test\Tyuiu.MartysevichAD.Sprint6.Task5.V11.Test.csproj", "{91746CF0-3244-4CC5-98BF-F1B8856C06EF}"
EndProject
Project("{FAE04EC0-301F-11D3-BF4B-00C04F79EFBC}") = "Tyuiu.MartysevichAD.Sprint6.Task5.V11.Lib", "Tyuiu.MartysevichAD.Sprint6.Task5.V11.Lib\Tyuiu.MartysevichAD.Sprint6.Task5.V11.Lib.csproj", "{0B304B73-999E-4F88-8198-3D9BBD57B666}"
EndProject
Project("{2150E333-8FDC-42A3-9474-1A3956D46DE8}") = "Task6", "Task6", "{BA9343FC-7CA4-4358-82FE-3DB1E4108DB8}"
EndProject
Project("{FAE04EC0-301F-11D3-BF4B-00C04F79EFBC}") = "Tyuiu.MartysevichAD.Sprint6.Task6.V17", "Tyuiu.MartysevichAD.Sprint6.Task6.V17\Tyuiu.MartysevichAD.Sprint6.Task6.V17.csproj", "{3FFD157F-4672-4C2D-8B3A-B4FDAD2C92D4}"
EndProject
Project("{FAE04EC0-301F-11D3-BF4B-00C04F79EFBC}") = "Tyuiu.MartysevichAD.Sprint6.Task6.V17.Lib", "Tyuiu.MartysevichAD.Sprint6.Task6.V17.Lib\Tyuiu.MartysevichAD.Sprint6.Task6.V17.Lib.csproj", "{688C376C-3F77-4746-AC48-ADA62C718FDC}"
EndProject
Project("{FAE04EC0-301F-11D3-BF4B-00C04F79EFBC}") = "Tyuiu.MartysevichAD.Sprint6.Task6.V17.Test", "Tyuiu.MartysevichAD.Sprint6.Task6.V17.Test\Tyuiu.MartysevichAD.Sprint6.Task6.V17.Test.csproj", "{575D1EBF-3867-4A1F-9EB6-C552CA61CEE5}"
EndProject
Project("{2150E333-8FDC-42A3-9474-1A3956D46DE8}") = "Task7", "Task7", "{F0035C6F-622C-4984-9450-A73E06ECB5B5}"
EndProject
Project("{FAE04EC0-301F-11D3-BF4B-00C04F79EFBC}") = "Tyuiu.MartysevichAD.Sprint6.Task7.V16", "Tyuiu.MartysevichAD.Sprint6.Task7.V16\Tyuiu.MartysevichAD.Sprint6.Task7.V16.csproj", "{E1B06E10-E0F8-4532-89EE-D77F0C615E47}"
EndProject
Project("{FAE04EC0-301F-11D3-BF4B-00C04F79EFBC}") = "Tyuiu.MartysevichAD.Sprint6.Task7.V16.Lib", "Tyuiu.MartysevichAD.Sprint6.Task7.V16.Lib\Tyuiu.MartysevichAD.Sprint6.Task7.V16.Lib.csproj", "{62EE10E3-5483-47FF-9619-554116815475}"
EndProject
Project("{FAE04EC0-301F-11D3-BF4B-00C04F79EFBC}") = "Tyuiu.MartysevichAD.Sprint6.Task7.V16.Test", "Tyuiu.MartysevichAD.Sprint6.Task7.V16.Test\Tyuiu.MartysevichAD.Sprint6.Task7.V16.Test.csproj", "{6F6DE432-607D-4732-8196-9BFB24E85489}"
EndProject
Global
	GlobalSection(SolutionConfigurationPlatforms) = preSolution
		Debug|Any CPU = Debug|Any CPU
		Release|Any CPU = Release|Any CPU
	EndGlobalSection
	GlobalSection(ProjectConfigurationPlatforms) = postSolution
		{8364284F-88DE-4E9A-AFD0-12DD5801F3D0}.Debug|Any CPU.ActiveCfg = Debug|Any CPU
		{8364284F-88DE-4E9A-AFD0-12DD5801F3D0}.Debug|Any CPU.Build.0 = Debug|Any CPU
		{8364284F-88DE-4E9A-AFD0-12DD5801F3D0}.Release|Any CPU.ActiveCfg = Release|Any CPU
		{8364284F-88DE-4E9A-AFD0-12DD5801F3D0}.Release|Any CPU.Build.0 = Release|Any CPU
		{8C8567E1-61E8-4442-B61E-32AF51F59630}.Debug|Any CPU.ActiveCfg = Debug|Any CPU
		{8C8567E1-61E8-4442-B61E-32AF51F59630}.Debug|Any CPU.Build.0 = Debug|Any CPU
		{8C8567E1-61E8-4442-B61E-32AF51F59630}.Release|Any CPU.ActiveCfg = Release|Any CPU
		{8C8567E1-61E8-4442-B61E-32AF51F59630}.Release|Any CPU.Build.0 = Release|Any CPU
		{7DA693CE-D815-4A6F-9210-051D0B6FFD41}.Debug|Any CPU.ActiveCfg = Debug|Any CPU
		{7DA693CE-D815-4A6F-9210-051D0B6FFD41}.Debug|Any CPU.Build.0 = Debug|Any CPU
		{7DA693CE-D815-4A6F-9210-051D0B6FFD41}.Release|Any CPU.ActiveCfg = Release|Any CPU
		{7DA693CE-D815-4A6F-9210-051D0B6FFD41}.Release|Any CPU.Build.0 = Release|Any CPU
		{E763AFA1-9CFF-423D-AD60-1CFC864B3BE8}.Debug|Any CPU.ActiveCfg = Debug|Any CPU
		{E763AFA1-9CFF-423D-AD60-1CFC864B3BE8}.Debug|Any CPU.Build.0 = Debug|Any CPU
		{E763AFA1-9CFF-423D-AD60-1CFC864B3BE8}.Release|Any CPU.ActiveCfg = Release|Any CPU
		{E763AFA1-9CFF-423D-AD60-1CFC864B3BE8}.Release|Any CPU.Build.0 = Release|Any CPU
		{7C493C89-E84C-4DBE-9485-C223C8B9BF8D}.Debug|Any CPU.ActiveCfg = Debug|Any CPU
		{7C493C89-E84C-4DBE-9485-C223C8B9BF8D}.Debug|Any CPU.Build.0 = Debug|Any CPU
		{7C493C89-E84C-4DBE-9485-C223C8B9BF8D}.Release|Any CPU.ActiveCfg = Release|Any CPU
		{7C493C89-E84C-4DBE-9485-C223C8B9BF8D}.Release|Any CPU.Build.0 = Release|Any CPU
		{FC66088A-B577-4914-9D08-99048F5A6FC9}.Debug|Any CPU.ActiveCfg = Debug|Any CPU
		{FC66088A-B577-4914-9D08-99048F5A6FC9}.Debug|Any CPU.Build.0 = Debug|Any CPU
		{FC66088A-B577-4914-9D08-99048F5A6FC9}.Release|Any CPU.ActiveCfg = Release|Any CPU
		{FC66088A-B577-4914-9D08-99048F5A6FC9}.Release|Any CPU.Build.0 = Release|Any CPU
		{F581DB2A-7344-4FFF-A44D-52392ED15DD4}.Debug|Any CPU.ActiveCfg = Debug|Any CPU
		{F581DB2A-7344-4FFF-A44D-52392ED15DD4}.Debug|Any CPU.Build.0 = Debug|Any CPU
		{F581DB2A-7344-4FFF-A44D-52392ED15DD4}.Release|Any CPU.ActiveCfg = Release|Any CPU
		{F581DB2A-7344-4FFF-A44D-52392ED15DD4}.Release|Any CPU.Build.0 = Release|Any CPU
		{5E67D8DD-5437-4F6A-8EC4-4DBCC417B347}.Debug|Any CPU.ActiveCfg = Debug|Any CPU
		{5E67D8DD-5437-4F6A-8EC4-4DBCC417B347}.Debug|Any CPU.Build.0 = Debug|Any CPU
		{5E67D8DD-5437-4F6A-8EC4-4DBCC417B347}.Release|Any CPU.ActiveCfg = Release|Any CPU
		{5E67D8DD-5437-4F6A-8EC4-4DBCC417B347}.Release|Any CPU.Build.0 = Release|Any CPU
		{06A461E3-7D88-403E-A483-B6E11E7E4815}.Debug|Any CPU.ActiveCfg = Debug|Any CPU
		{06A461E3-7D88-403E-A483-B6E11E7E4815}.Debug|Any CPU.Build.0 = Debug|Any CPU
		{06A461E3-7D88-403E-A483-B6E11E7E4815}.Release|Any CPU.ActiveCfg = Release|Any CPU
		{06A461E3-7D88-403E-A483-B6E11E7E4815}.Release|Any CPU.Build.0 = Release|Any CPU
		{EBE282D5-1EA7-4FAA-AAD5-A799280538ED}.Debug|Any CPU.ActiveCfg = Debug|Any CPU
		{EBE282D5-1EA7-4FAA-AAD5-A799280538ED}.Debug|Any CPU.Build.0 = Debug|Any CPU
		{EBE282D5-1EA7-4FAA-AAD5-A799280538ED}.Release|Any CPU.ActiveCfg = Release|Any CPU
		{EBE282D5-1EA7-4FAA-AAD5-A799280538ED}.Release|Any CPU.Build.0 = Release|Any CPU
		{2EEA8E64-48F9-4CE1-80F4-9EB4DBFD379C}.Debug|Any CPU.ActiveCfg = Debug|Any CPU
		{2EEA8E64-48F9-4CE1-80F4-9EB4DBFD379C}.Debug|Any CPU.Build.0 = Debug|Any CPU
		{2EEA8E64-48F9-4CE1-80F4-9EB4DBFD379C}.Release|Any CPU.ActiveCfg = Release|Any CPU
		{2EEA8E64-48F9-4CE1-80F4-9EB4DBFD379C}.Release|Any CPU.Build.0 = Release|Any CPU
		{1E4063D8-90CD-40EA-8AA0-CE67EB4A9150}.Debug|Any CPU.ActiveCfg = Debug|Any CPU
		{1E4063D8-90CD-40EA-8AA0-CE67EB4A9150}.Debug|Any CPU.Build.0 = Debug|Any CPU
		{1E4063D8-90CD-40EA-8AA0-CE67EB4A9150}.Release|Any CPU.ActiveCfg = Release|Any CPU
		{1E4063D8-90CD-40EA-8AA0-CE67EB4A9150}.Release|Any CPU.Build.0 = Release|Any CPU
		{F496A74F-E712-4974-BE25-9BF020D6FDCB}.Debug|Any CPU.ActiveCfg = Debug|Any CPU
		{F496A74F-E712-4974-BE25-9BF020D6FDCB}.Debug|Any CPU.Build.0 = Debug|Any CPU
		{F496A74F-E712-4974-BE25-9BF020D6FDCB}.Release|Any CPU.ActiveCfg = Release|Any CPU
		{F496A74F-E712-4974-BE25-9BF020D6FDCB}.Release|Any CPU.Build.0 = Release|Any CPU
		{9E648D4D-51A2-4C63-A59B-6A7DD4ECD04D}.Debug|Any CPU.ActiveCfg = Debug|Any CPU
		{9E648D4D-51A2-4C63-A59B-6A7DD4ECD04D}.Debug|Any CPU.Build.0 = Debug|Any CPU
		{9E648D4D-51A2-4C63-A59B-6A7DD4ECD04D}.Release|Any CPU.ActiveCfg = Release|Any CPU
		{9E648D4D-51A2-4C63-A59B-6A7DD4ECD04D}.Release|Any CPU.Build.0 = Release|Any CPU
		{A1D54C48-3549-4BD7-98FA-0C0BF9EB0080}.Debug|Any CPU.ActiveCfg = Debug|Any CPU
		{A1D54C48-3549-4BD7-98FA-0C0BF9EB0080}.Debug|Any CPU.Build.0 = Debug|Any CPU
		{A1D54C48-3549-4BD7-98FA-0C0BF9EB0080}.Release|Any CPU.ActiveCfg = Release|Any CPU
		{A1D54C48-3549-4BD7-98FA-0C0BF9EB0080}.Release|Any CPU.Build.0 = Release|Any CPU
		{E6E2C39F-B655-4E02-AC3B-128F55DF1E79}.Debug|Any CPU.ActiveCfg = Debug|Any CPU
		{E6E2C39F-B655-4E02-AC3B-128F55DF1E79}.Debug|Any CPU.Build.0 = Debug|Any CPU
		{E6E2C39F-B655-4E02-AC3B-128F55DF1E79}.Release|Any CPU.ActiveCfg = Release|Any CPU
		{E6E2C39F-B655-4E02-AC3B-128F55DF1E79}.Release|Any CPU.Build.0 = Release|Any CPU
		{91746CF0-3244-4CC5-98BF-F1B8856C06EF}.Debug|Any CPU.ActiveCfg = Debug|Any CPU
		{91746CF0-3244-4CC5-98BF-F1B8856C06EF}.Debug|Any CPU.Build.0 = Debug|Any CPU
		{91746CF0-3244-4CC5-98BF-F1B8856C06EF}.Release|Any CPU.ActiveCfg = Release|Any CPU
		{91746CF0-3244-4CC5-98BF-F1B8856C06EF}.Release|Any CPU.Build.0 = Release|Any CPU
		{0B304B73-999E-4F88-8198-3D9BBD57B666}.Debug|Any CPU.ActiveCfg = Debug|Any CPU
		{0B304B73-999E-4F88-8198-3D9BBD57B666}.Debug|Any CPU.Build.0 = Debug|Any CPU
		{0B304B73-999E-4F88-8198-3D9BBD57B666}.Release|Any CPU.ActiveCfg = Release|Any CPU
		{0B304B73-999E-4F88-8198-3D9BBD57B666}.Release|Any CPU.Build.0 = Release|Any CPU
		{3FFD157F-4672-4C2D-8B3A-B4FDAD2C92D4}.Debug|Any CPU.ActiveCfg = Debug|Any CPU
		{3FFD157F-4672-4C2D-8B3A-B4FDAD2C92D4}.Debug|Any CPU.Build.0 = Debug|Any CPU
		{3FFD157F-4672-4C2D-8B3A-B4FDAD2C92D4}.Release|Any CPU.ActiveCfg = Release|Any CPU
		{3FFD157F-4672-4C2D-8B3A-B4FDAD2C92D4}.Release|Any CPU.Build.0 = Release|Any CPU
		{688C376C-3F77-4746-AC48-ADA62C718FDC}.Debug|Any CPU.ActiveCfg = Debug|Any CPU
		{688C376C-3F77-4746-AC48-ADA62C718FDC}.Debug|Any CPU.Build.0 = Debug|Any CPU
		{688C376C-3F77-4746-AC48-ADA62C718FDC}.Release|Any CPU.ActiveCfg = Release|Any CPU
		{688C376C-3F77-4746-AC48-ADA62C718FDC}.Release|Any CPU.Build.0 = Release|Any CPU
		{575D1EBF-3867-4A1F-9EB6-C552CA61CEE5}.Debug|Any CPU.ActiveCfg = Debug|Any CPU
		{575D1EBF-3867-4A1F-9EB6-C552CA61CEE5}.Debug|Any CPU.Build.0 = Debug|Any CPU
		{575D1EBF-3867-4A1F-9EB6-C552CA61CEE5}.Release|Any CPU.ActiveCfg = Release|Any CPU
		{575D1EBF-3867-4A1F-9EB6-C552CA61CEE5}.Release|Any CPU.Build.0 = Release|Any CPU
		{E1B06E10-E0F8-4532-89EE-D77F0C615E47}.Debug|Any CPU.ActiveCfg = Debug|Any CPU
		{E1B06E10-E0F8-4532-89EE-D77F0C615E47}.Debug|Any CPU.Build.0 = Debug|Any CPU
		{E1B06E10-E0F8-4532-89EE-D77F0C615E47}.Release|Any CPU.ActiveCfg = Release|Any CPU
		{E1B06E10-E0F8-4532-89EE-D77F0C615E47}.Release|Any CPU.Build.0 = Release|Any CPU
		{62EE10E3-5483-47FF-9619-554116815475}.Debug|Any CPU.ActiveCfg = Debug|Any CPU
		{62EE10E3-5483-47FF-9619-554116815475}.Debug|Any CPU.Build.0 = Debug|Any CPU
		{62EE10E3-5483-47FF-9619-554116815475}.Release|Any CPU.ActiveCfg = Release|Any CPU
		{62EE10E3-5483-47FF-9619-554116815475}.Release|Any CPU.Build.0 = Release|Any CPU
		{6F6DE432-607D-4732-8196-9BFB24E85489}.Debug|Any CPU.ActiveCfg = Debug|Any CPU
		{6F6DE432-607D-4732-8196-9BFB24E85489}.Debug|Any CPU.Build.0 = Debug|Any CPU
		{6F6DE432-607D-4732-8196-9BFB24E85489}.Release|Any CPU.ActiveCfg = Release|Any CPU
		{6F6DE432-607D-4732-8196-9BFB24E85489}.Release|Any CPU.Build.0 = Release|Any CPU
	EndGlobalSection
	GlobalSection(SolutionProperties) = preSolution
		HideSolutionNode = FALSE
	EndGlobalSection
	GlobalSection(NestedProjects) = preSolution
		{8364284F-88DE-4E9A-AFD0-12DD5801F3D0} = {D6E336F8-89E3-410C-9C03-A2AE1D5B063E}
		{8C8567E1-61E8-4442-B61E-32AF51F59630} = {D6E336F8-89E3-410C-9C03-A2AE1D5B063E}
		{7DA693CE-D815-4A6F-9210-051D0B6FFD41} = {D6E336F8-89E3-410C-9C03-A2AE1D5B063E}
		{E763AFA1-9CFF-423D-AD60-1CFC864B3BE8} = {9666F033-4F37-42F9-9B97-AFC2E7A758C7}
		{7C493C89-E84C-4DBE-9485-C223C8B9BF8D} = {9666F033-4F37-42F9-9B97-AFC2E7A758C7}
		{FC66088A-B577-4914-9D08-99048F5A6FC9} = {9666F033-4F37-42F9-9B97-AFC2E7A758C7}
		{F581DB2A-7344-4FFF-A44D-52392ED15DD4} = {5C5B83FC-5AF9-4AD8-93F3-54D921D28689}
		{5E67D8DD-5437-4F6A-8EC4-4DBCC417B347} = {5C5B83FC-5AF9-4AD8-93F3-54D921D28689}
		{06A461E3-7D88-403E-A483-B6E11E7E4815} = {5C5B83FC-5AF9-4AD8-93F3-54D921D28689}
		{EBE282D5-1EA7-4FAA-AAD5-A799280538ED} = {004F4AA7-4D2C-4F93-9653-EB9F51E76FA5}
		{2EEA8E64-48F9-4CE1-80F4-9EB4DBFD379C} = {004F4AA7-4D2C-4F93-9653-EB9F51E76FA5}
		{1E4063D8-90CD-40EA-8AA0-CE67EB4A9150} = {004F4AA7-4D2C-4F93-9653-EB9F51E76FA5}
		{F496A74F-E712-4974-BE25-9BF020D6FDCB} = {EC42188C-C265-4CF9-8143-953E25C38FEE}
		{9E648D4D-51A2-4C63-A59B-6A7DD4ECD04D} = {EC42188C-C265-4CF9-8143-953E25C38FEE}
		{A1D54C48-3549-4BD7-98FA-0C0BF9EB0080} = {EC42188C-C265-4CF9-8143-953E25C38FEE}
		{E6E2C39F-B655-4E02-AC3B-128F55DF1E79} = {F5AFCA24-E51B-4433-A476-1259428BCF80}
		{91746CF0-3244-4CC5-98BF-F1B8856C06EF} = {F5AFCA24-E51B-4433-A476-1259428BCF80}
		{0B304B73-999E-4F88-8198-3D9BBD57B666} = {F5AFCA24-E51B-4433-A476-1259428BCF80}
		{3FFD157F-4672-4C2D-8B3A-B4FDAD2C92D4} = {BA9343FC-7CA4-4358-82FE-3DB1E4108DB8}
		{688C376C-3F77-4746-AC48-ADA62C718FDC} = {BA9343FC-7CA4-4358-82FE-3DB1E4108DB8}
		{575D1EBF-3867-4A1F-9EB6-C552CA61CEE5} = {BA9343FC-7CA4-4358-82FE-3DB1E4108DB8}
		{E1B06E10-E0F8-4532-89EE-D77F0C615E47} = {F0035C6F-622C-4984-9450-A73E06ECB5B5}
		{62EE10E3-5483-47FF-9619-554116815475} = {F0035C6F-622C-4984-9450-A73E06ECB5B5}
		{6F6DE432-607D-4732-8196-9BFB24E85489} = {F0035C6F-622C-4984-9450-A73E06ECB5B5}
	EndGlobalSection
	GlobalSection(ExtensibilityGlobals) = postSolution
		SolutionGuid = {09F73069-FF6E-4D1D-9D1B-4147F592DC0B}
	EndGlobalSection
EndGlobal
